// !$*UTF8*$!
{
	archiveVersion = 1;
	classes = {
	};
	objectVersion = 46;
	objects = {

/* Begin PBXBuildFile section */
		148EAAA1729C16044F860ECC /* libPods-MLH.a in Frameworks */ = {isa = PBXBuildFile; fileRef = F345C90D76721B8546F45742 /* libPods-MLH.a */; };
		CCAB0BE91A90541B00420A25 /* main.m in Sources */ = {isa = PBXBuildFile; fileRef = CCAB0BE81A90541B00420A25 /* main.m */; };
		CCAB0BF21A90541B00420A25 /* Main.storyboard in Resources */ = {isa = PBXBuildFile; fileRef = CCAB0BF01A90541B00420A25 /* Main.storyboard */; };
		CCAB0BF41A90541B00420A25 /* Images.xcassets in Resources */ = {isa = PBXBuildFile; fileRef = CCAB0BF31A90541B00420A25 /* Images.xcassets */; };
		CCAB0BF71A90541B00420A25 /* LaunchScreen.xib in Resources */ = {isa = PBXBuildFile; fileRef = CCAB0BF51A90541B00420A25 /* LaunchScreen.xib */; };
		CCAB0C031A90541B00420A25 /* MLHTests.m in Sources */ = {isa = PBXBuildFile; fileRef = CCAB0C021A90541B00420A25 /* MLHTests.m */; };
		CCAB0C591A905B7300420A25 /* UIKit.framework in Frameworks */ = {isa = PBXBuildFile; fileRef = CCAB0C581A905B7300420A25 /* UIKit.framework */; };
		CCAB0C5B1A905B8400420A25 /* Foundation.framework in Frameworks */ = {isa = PBXBuildFile; fileRef = CCAB0C5A1A905B8400420A25 /* Foundation.framework */; };
		CCAB0C5D1A905BF400420A25 /* CoreGraphics.framework in Frameworks */ = {isa = PBXBuildFile; fileRef = CCAB0C5C1A905BF400420A25 /* CoreGraphics.framework */; };
		CCB4339B1A90651B00621447 /* NSDateFormatter+STTwitter.m in Sources */ = {isa = PBXBuildFile; fileRef = CCB4337F1A90651B00621447 /* NSDateFormatter+STTwitter.m */; };
		CCB4339C1A90651B00621447 /* NSError+STTwitter.m in Sources */ = {isa = PBXBuildFile; fileRef = CCB433811A90651B00621447 /* NSError+STTwitter.m */; };
		CCB4339D1A90651B00621447 /* NSString+STTwitter.m in Sources */ = {isa = PBXBuildFile; fileRef = CCB433831A90651B00621447 /* NSString+STTwitter.m */; };
		CCB4339E1A90651B00621447 /* STHTTPRequest+STTwitter.m in Sources */ = {isa = PBXBuildFile; fileRef = CCB433851A90651B00621447 /* STHTTPRequest+STTwitter.m */; };
		CCB4339F1A90651B00621447 /* STTwitterAPI.m in Sources */ = {isa = PBXBuildFile; fileRef = CCB433881A90651B00621447 /* STTwitterAPI.m */; };
		CCB433A01A90651B00621447 /* STTwitterAppOnly.m in Sources */ = {isa = PBXBuildFile; fileRef = CCB4338A1A90651B00621447 /* STTwitterAppOnly.m */; };
		CCB433A11A90651B00621447 /* STTwitterHTML.m in Sources */ = {isa = PBXBuildFile; fileRef = CCB4338C1A90651B00621447 /* STTwitterHTML.m */; };
		CCB433A21A90651B00621447 /* STTwitterOAuth.m in Sources */ = {isa = PBXBuildFile; fileRef = CCB4338E1A90651B00621447 /* STTwitterOAuth.m */; };
		CCB433A31A90651B00621447 /* STTwitterOS.m in Sources */ = {isa = PBXBuildFile; fileRef = CCB433901A90651B00621447 /* STTwitterOS.m */; };
		CCB433A41A90651B00621447 /* STTwitterOSRequest.m in Sources */ = {isa = PBXBuildFile; fileRef = CCB433921A90651B00621447 /* STTwitterOSRequest.m */; };
		CCB433A51A90651B00621447 /* BAVPlistNode.m in Sources */ = {isa = PBXBuildFile; fileRef = CCB433961A90651B00621447 /* BAVPlistNode.m */; };
		CCB433A61A90651B00621447 /* JSONSyntaxHighlight.m in Sources */ = {isa = PBXBuildFile; fileRef = CCB433981A90651B00621447 /* JSONSyntaxHighlight.m */; };
		CCB433A71A90651B00621447 /* STHTTPRequest.m in Sources */ = {isa = PBXBuildFile; fileRef = CCB4339A1A90651B00621447 /* STHTTPRequest.m */; };
		CCB433CF1A9079F300621447 /* ViewController.m in Sources */ = {isa = PBXBuildFile; fileRef = CCB433BB1A9079F300621447 /* ViewController.m */; };
		CCB433D01A9079F300621447 /* DEMORootViewController.m in Sources */ = {isa = PBXBuildFile; fileRef = CCB433BD1A9079F300621447 /* DEMORootViewController.m */; };
		CCB433D11A9079F300621447 /* DEMOFirstViewController.m in Sources */ = {isa = PBXBuildFile; fileRef = CCB433BF1A9079F300621447 /* DEMOFirstViewController.m */; };
		CCB433D21A9079F300621447 /* DEMOSecondViewController.m in Sources */ = {isa = PBXBuildFile; fileRef = CCB433C11A9079F300621447 /* DEMOSecondViewController.m */; };
		CCB433D31A9079F300621447 /* DEMOThirdViewController.m in Sources */ = {isa = PBXBuildFile; fileRef = CCB433C31A9079F300621447 /* DEMOThirdViewController.m */; };
		CCB433D51A9079F300621447 /* DEMOLeftMenuViewController.m in Sources */ = {isa = PBXBuildFile; fileRef = CCB433C71A9079F300621447 /* DEMOLeftMenuViewController.m */; };
		CCB433D61A9079F300621447 /* DEMOFourthViewController.m in Sources */ = {isa = PBXBuildFile; fileRef = CCB433C91A9079F300621447 /* DEMOFourthViewController.m */; };
		CCB433D71A9079F300621447 /* DEMORightMenuViewController.m in Sources */ = {isa = PBXBuildFile; fileRef = CCB433CB1A9079F300621447 /* DEMORightMenuViewController.m */; };
		CCB433D81A9079F300621447 /* AppDelegate.m in Sources */ = {isa = PBXBuildFile; fileRef = CCB433CE1A9079F300621447 /* AppDelegate.m */; };
/* End PBXBuildFile section */

/* Begin PBXContainerItemProxy section */
		CCAB0BFD1A90541B00420A25 /* PBXContainerItemProxy */ = {
			isa = PBXContainerItemProxy;
			containerPortal = CCAB0BDB1A90541B00420A25 /* Project object */;
			proxyType = 1;
			remoteGlobalIDString = CCAB0BE21A90541B00420A25;
			remoteInfo = MLH;
		};
/* End PBXContainerItemProxy section */

/* Begin PBXFileReference section */
		4F3B7EE10796E670A18901A6 /* Pods-MLH.debug.xcconfig */ = {isa = PBXFileReference; includeInIndex = 1; lastKnownFileType = text.xcconfig; name = "Pods-MLH.debug.xcconfig"; path = "Pods/Target Support Files/Pods-MLH/Pods-MLH.debug.xcconfig"; sourceTree = "<group>"; };
		80DA33F5ED515116996DCB63 /* Pods-MLH.release.xcconfig */ = {isa = PBXFileReference; includeInIndex = 1; lastKnownFileType = text.xcconfig; name = "Pods-MLH.release.xcconfig"; path = "Pods/Target Support Files/Pods-MLH/Pods-MLH.release.xcconfig"; sourceTree = "<group>"; };
		CCAB0BE31A90541B00420A25 /* MLH.app */ = {isa = PBXFileReference; explicitFileType = wrapper.application; includeInIndex = 0; path = MLH.app; sourceTree = BUILT_PRODUCTS_DIR; };
		CCAB0BE71A90541B00420A25 /* Info.plist */ = {isa = PBXFileReference; lastKnownFileType = text.plist.xml; path = Info.plist; sourceTree = "<group>"; };
		CCAB0BE81A90541B00420A25 /* main.m */ = {isa = PBXFileReference; lastKnownFileType = sourcecode.c.objc; path = main.m; sourceTree = "<group>"; };
		CCAB0BF11A90541B00420A25 /* Base */ = {isa = PBXFileReference; lastKnownFileType = file.storyboard; name = Base; path = Base.lproj/Main.storyboard; sourceTree = "<group>"; };
		CCAB0BF31A90541B00420A25 /* Images.xcassets */ = {isa = PBXFileReference; lastKnownFileType = folder.assetcatalog; path = Images.xcassets; sourceTree = "<group>"; };
		CCAB0BF61A90541B00420A25 /* Base */ = {isa = PBXFileReference; lastKnownFileType = file.xib; name = Base; path = Base.lproj/LaunchScreen.xib; sourceTree = "<group>"; };
		CCAB0BFC1A90541B00420A25 /* MLHTests.xctest */ = {isa = PBXFileReference; explicitFileType = wrapper.cfbundle; includeInIndex = 0; path = MLHTests.xctest; sourceTree = BUILT_PRODUCTS_DIR; };
		CCAB0C011A90541B00420A25 /* Info.plist */ = {isa = PBXFileReference; lastKnownFileType = text.plist.xml; path = Info.plist; sourceTree = "<group>"; };
		CCAB0C021A90541B00420A25 /* MLHTests.m */ = {isa = PBXFileReference; lastKnownFileType = sourcecode.c.objc; path = MLHTests.m; sourceTree = "<group>"; };
		CCAB0C581A905B7300420A25 /* UIKit.framework */ = {isa = PBXFileReference; lastKnownFileType = wrapper.framework; name = UIKit.framework; path = System/Library/Frameworks/UIKit.framework; sourceTree = SDKROOT; };
		CCAB0C5A1A905B8400420A25 /* Foundation.framework */ = {isa = PBXFileReference; lastKnownFileType = wrapper.framework; name = Foundation.framework; path = System/Library/Frameworks/Foundation.framework; sourceTree = SDKROOT; };
		CCAB0C5C1A905BF400420A25 /* CoreGraphics.framework */ = {isa = PBXFileReference; lastKnownFileType = wrapper.framework; name = CoreGraphics.framework; path = System/Library/Frameworks/CoreGraphics.framework; sourceTree = SDKROOT; };
		CCB4337E1A90651B00621447 /* NSDateFormatter+STTwitter.h */ = {isa = PBXFileReference; fileEncoding = 4; lastKnownFileType = sourcecode.c.h; path = "NSDateFormatter+STTwitter.h"; sourceTree = "<group>"; };
		CCB4337F1A90651B00621447 /* NSDateFormatter+STTwitter.m */ = {isa = PBXFileReference; fileEncoding = 4; lastKnownFileType = sourcecode.c.objc; path = "NSDateFormatter+STTwitter.m"; sourceTree = "<group>"; };
		CCB433801A90651B00621447 /* NSError+STTwitter.h */ = {isa = PBXFileReference; fileEncoding = 4; lastKnownFileType = sourcecode.c.h; path = "NSError+STTwitter.h"; sourceTree = "<group>"; };
		CCB433811A90651B00621447 /* NSError+STTwitter.m */ = {isa = PBXFileReference; fileEncoding = 4; lastKnownFileType = sourcecode.c.objc; path = "NSError+STTwitter.m"; sourceTree = "<group>"; };
		CCB433821A90651B00621447 /* NSString+STTwitter.h */ = {isa = PBXFileReference; fileEncoding = 4; lastKnownFileType = sourcecode.c.h; path = "NSString+STTwitter.h"; sourceTree = "<group>"; };
		CCB433831A90651B00621447 /* NSString+STTwitter.m */ = {isa = PBXFileReference; fileEncoding = 4; lastKnownFileType = sourcecode.c.objc; path = "NSString+STTwitter.m"; sourceTree = "<group>"; };
		CCB433841A90651B00621447 /* STHTTPRequest+STTwitter.h */ = {isa = PBXFileReference; fileEncoding = 4; lastKnownFileType = sourcecode.c.h; path = "STHTTPRequest+STTwitter.h"; sourceTree = "<group>"; };
		CCB433851A90651B00621447 /* STHTTPRequest+STTwitter.m */ = {isa = PBXFileReference; fileEncoding = 4; lastKnownFileType = sourcecode.c.objc; path = "STHTTPRequest+STTwitter.m"; sourceTree = "<group>"; };
		CCB433861A90651B00621447 /* STTwitter.h */ = {isa = PBXFileReference; fileEncoding = 4; lastKnownFileType = sourcecode.c.h; path = STTwitter.h; sourceTree = "<group>"; };
		CCB433871A90651B00621447 /* STTwitterAPI.h */ = {isa = PBXFileReference; fileEncoding = 4; lastKnownFileType = sourcecode.c.h; path = STTwitterAPI.h; sourceTree = "<group>"; };
		CCB433881A90651B00621447 /* STTwitterAPI.m */ = {isa = PBXFileReference; fileEncoding = 4; lastKnownFileType = sourcecode.c.objc; path = STTwitterAPI.m; sourceTree = "<group>"; };
		CCB433891A90651B00621447 /* STTwitterAppOnly.h */ = {isa = PBXFileReference; fileEncoding = 4; lastKnownFileType = sourcecode.c.h; path = STTwitterAppOnly.h; sourceTree = "<group>"; };
		CCB4338A1A90651B00621447 /* STTwitterAppOnly.m */ = {isa = PBXFileReference; fileEncoding = 4; lastKnownFileType = sourcecode.c.objc; path = STTwitterAppOnly.m; sourceTree = "<group>"; };
		CCB4338B1A90651B00621447 /* STTwitterHTML.h */ = {isa = PBXFileReference; fileEncoding = 4; lastKnownFileType = sourcecode.c.h; path = STTwitterHTML.h; sourceTree = "<group>"; };
		CCB4338C1A90651B00621447 /* STTwitterHTML.m */ = {isa = PBXFileReference; fileEncoding = 4; lastKnownFileType = sourcecode.c.objc; path = STTwitterHTML.m; sourceTree = "<group>"; };
		CCB4338D1A90651B00621447 /* STTwitterOAuth.h */ = {isa = PBXFileReference; fileEncoding = 4; lastKnownFileType = sourcecode.c.h; path = STTwitterOAuth.h; sourceTree = "<group>"; };
		CCB4338E1A90651B00621447 /* STTwitterOAuth.m */ = {isa = PBXFileReference; fileEncoding = 4; lastKnownFileType = sourcecode.c.objc; path = STTwitterOAuth.m; sourceTree = "<group>"; };
		CCB4338F1A90651B00621447 /* STTwitterOS.h */ = {isa = PBXFileReference; fileEncoding = 4; lastKnownFileType = sourcecode.c.h; path = STTwitterOS.h; sourceTree = "<group>"; };
		CCB433901A90651B00621447 /* STTwitterOS.m */ = {isa = PBXFileReference; fileEncoding = 4; lastKnownFileType = sourcecode.c.objc; path = STTwitterOS.m; sourceTree = "<group>"; };
		CCB433911A90651B00621447 /* STTwitterOSRequest.h */ = {isa = PBXFileReference; fileEncoding = 4; lastKnownFileType = sourcecode.c.h; path = STTwitterOSRequest.h; sourceTree = "<group>"; };
		CCB433921A90651B00621447 /* STTwitterOSRequest.m */ = {isa = PBXFileReference; fileEncoding = 4; lastKnownFileType = sourcecode.c.objc; path = STTwitterOSRequest.m; sourceTree = "<group>"; };
		CCB433931A90651B00621447 /* STTwitterProtocol.h */ = {isa = PBXFileReference; fileEncoding = 4; lastKnownFileType = sourcecode.c.h; path = STTwitterProtocol.h; sourceTree = "<group>"; };
		CCB433951A90651B00621447 /* BAVPlistNode.h */ = {isa = PBXFileReference; fileEncoding = 4; lastKnownFileType = sourcecode.c.h; path = BAVPlistNode.h; sourceTree = "<group>"; };
		CCB433961A90651B00621447 /* BAVPlistNode.m */ = {isa = PBXFileReference; fileEncoding = 4; lastKnownFileType = sourcecode.c.objc; path = BAVPlistNode.m; sourceTree = "<group>"; };
		CCB433971A90651B00621447 /* JSONSyntaxHighlight.h */ = {isa = PBXFileReference; fileEncoding = 4; lastKnownFileType = sourcecode.c.h; path = JSONSyntaxHighlight.h; sourceTree = "<group>"; };
		CCB433981A90651B00621447 /* JSONSyntaxHighlight.m */ = {isa = PBXFileReference; fileEncoding = 4; lastKnownFileType = sourcecode.c.objc; path = JSONSyntaxHighlight.m; sourceTree = "<group>"; };
		CCB433991A90651B00621447 /* STHTTPRequest.h */ = {isa = PBXFileReference; fileEncoding = 4; lastKnownFileType = sourcecode.c.h; path = STHTTPRequest.h; sourceTree = "<group>"; };
		CCB4339A1A90651B00621447 /* STHTTPRequest.m */ = {isa = PBXFileReference; fileEncoding = 4; lastKnownFileType = sourcecode.c.objc; path = STHTTPRequest.m; sourceTree = "<group>"; };
		CCB433BA1A9079F300621447 /* ViewController.h */ = {isa = PBXFileReference; fileEncoding = 4; lastKnownFileType = sourcecode.c.h; name = ViewController.h; path = "../../../Downloads/Code-Up-master-3/Code-Up/Code-Up/ViewController.h"; sourceTree = "<group>"; };
		CCB433BB1A9079F300621447 /* ViewController.m */ = {isa = PBXFileReference; fileEncoding = 4; lastKnownFileType = sourcecode.c.objc; name = ViewController.m; path = "../../../Downloads/Code-Up-master-3/Code-Up/Code-Up/ViewController.m"; sourceTree = "<group>"; };
		CCB433BC1A9079F300621447 /* DEMORootViewController.h */ = {isa = PBXFileReference; fileEncoding = 4; lastKnownFileType = sourcecode.c.h; name = DEMORootViewController.h; path = "../../../Downloads/RESideMenu-master/Examples/Storyboards/RESideMenuStoryboardsExample/DEMORootViewController.h"; sourceTree = "<group>"; };
		CCB433BD1A9079F300621447 /* DEMORootViewController.m */ = {isa = PBXFileReference; fileEncoding = 4; lastKnownFileType = sourcecode.c.objc; name = DEMORootViewController.m; path = "../../../Downloads/RESideMenu-master/Examples/Storyboards/RESideMenuStoryboardsExample/DEMORootViewController.m"; sourceTree = "<group>"; };
		CCB433BE1A9079F300621447 /* DEMOFirstViewController.h */ = {isa = PBXFileReference; fileEncoding = 4; lastKnownFileType = sourcecode.c.h; name = DEMOFirstViewController.h; path = "../../../Downloads/RESideMenu-master/Examples/Storyboards/RESideMenuStoryboardsExample/DEMOFirstViewController.h"; sourceTree = "<group>"; };
		CCB433BF1A9079F300621447 /* DEMOFirstViewController.m */ = {isa = PBXFileReference; fileEncoding = 4; lastKnownFileType = sourcecode.c.objc; name = DEMOFirstViewController.m; path = "../../../Downloads/RESideMenu-master/Examples/Storyboards/RESideMenuStoryboardsExample/DEMOFirstViewController.m"; sourceTree = "<group>"; };
		CCB433C01A9079F300621447 /* DEMOSecondViewController.h */ = {isa = PBXFileReference; fileEncoding = 4; lastKnownFileType = sourcecode.c.h; name = DEMOSecondViewController.h; path = "../../../Downloads/RESideMenu-master/Examples/Storyboards/RESideMenuStoryboardsExample/DEMOSecondViewController.h"; sourceTree = "<group>"; };
		CCB433C11A9079F300621447 /* DEMOSecondViewController.m */ = {isa = PBXFileReference; fileEncoding = 4; lastKnownFileType = sourcecode.c.objc; name = DEMOSecondViewController.m; path = "../../../Downloads/RESideMenu-master/Examples/Storyboards/RESideMenuStoryboardsExample/DEMOSecondViewController.m"; sourceTree = "<group>"; };
		CCB433C21A9079F300621447 /* DEMOThirdViewController.h */ = {isa = PBXFileReference; fileEncoding = 4; lastKnownFileType = sourcecode.c.h; name = DEMOThirdViewController.h; path = "../../../Code-Up/Code-Up/Code-Up/DEMOThirdViewController.h"; sourceTree = "<group>"; };
		CCB433C31A9079F300621447 /* DEMOThirdViewController.m */ = {isa = PBXFileReference; fileEncoding = 4; lastKnownFileType = sourcecode.c.objc; name = DEMOThirdViewController.m; path = "../../../Code-Up/Code-Up/Code-Up/DEMOThirdViewController.m"; sourceTree = "<group>"; };
		CCB433C61A9079F300621447 /* DEMOLeftMenuViewController.h */ = {isa = PBXFileReference; fileEncoding = 4; lastKnownFileType = sourcecode.c.h; name = DEMOLeftMenuViewController.h; path = "../../../Downloads/RESideMenu-master/Examples/Storyboards/RESideMenuStoryboardsExample/DEMOLeftMenuViewController.h"; sourceTree = "<group>"; };
		CCB433C71A9079F300621447 /* DEMOLeftMenuViewController.m */ = {isa = PBXFileReference; fileEncoding = 4; lastKnownFileType = sourcecode.c.objc; name = DEMOLeftMenuViewController.m; path = "../../../Downloads/RESideMenu-master/Examples/Storyboards/RESideMenuStoryboardsExample/DEMOLeftMenuViewController.m"; sourceTree = "<group>"; };
		CCB433C81A9079F300621447 /* DEMOFourthViewController.h */ = {isa = PBXFileReference; fileEncoding = 4; lastKnownFileType = sourcecode.c.h; name = DEMOFourthViewController.h; path = "../../../Code-Up/Code-Up/Code-Up/DEMOFourthViewController.h"; sourceTree = "<group>"; };
		CCB433C91A9079F300621447 /* DEMOFourthViewController.m */ = {isa = PBXFileReference; fileEncoding = 4; lastKnownFileType = sourcecode.c.objc; name = DEMOFourthViewController.m; path = "../../../Code-Up/Code-Up/Code-Up/DEMOFourthViewController.m"; sourceTree = "<group>"; };
		CCB433CA1A9079F300621447 /* DEMORightMenuViewController.h */ = {isa = PBXFileReference; fileEncoding = 4; lastKnownFileType = sourcecode.c.h; name = DEMORightMenuViewController.h; path = "../../../Downloads/RESideMenu-master/Examples/Storyboards/RESideMenuStoryboardsExample/DEMORightMenuViewController.h"; sourceTree = "<group>"; };
		CCB433CB1A9079F300621447 /* DEMORightMenuViewController.m */ = {isa = PBXFileReference; fileEncoding = 4; lastKnownFileType = sourcecode.c.objc; name = DEMORightMenuViewController.m; path = "../../../Downloads/RESideMenu-master/Examples/Storyboards/RESideMenuStoryboardsExample/DEMORightMenuViewController.m"; sourceTree = "<group>"; };
		CCB433CC1A9079F300621447 /* AppDelegate.h */ = {isa = PBXFileReference; fileEncoding = 4; lastKnownFileType = sourcecode.c.h; name = AppDelegate.h; path = "../../../Code-Up/Code-Up/Code-Up/AppDelegate.h"; sourceTree = "<group>"; };
		CCB433CD1A9079F300621447 /* MVSelectorScrollView-Prefix.pch */ = {isa = PBXFileReference; fileEncoding = 4; lastKnownFileType = sourcecode.c.h; name = "MVSelectorScrollView-Prefix.pch"; path = "../../../Downloads/MVSelectorScrollVie/MVSelectorScrollViewExample/MVSelectorScrollView-Prefix.pch"; sourceTree = "<group>"; };
		CCB433CE1A9079F300621447 /* AppDelegate.m */ = {isa = PBXFileReference; fileEncoding = 4; lastKnownFileType = sourcecode.c.objc; name = AppDelegate.m; path = "../../../Code-Up/Code-Up/Code-Up/AppDelegate.m"; sourceTree = "<group>"; };
		F345C90D76721B8546F45742 /* libPods-MLH.a */ = {isa = PBXFileReference; explicitFileType = archive.ar; includeInIndex = 0; path = "libPods-MLH.a"; sourceTree = BUILT_PRODUCTS_DIR; };
/* End PBXFileReference section */

/* Begin PBXFrameworksBuildPhase section */
		CCAB0BE01A90541B00420A25 /* Frameworks */ = {
			isa = PBXFrameworksBuildPhase;
			buildActionMask = 2147483647;
			files = (
				CCAB0C5D1A905BF400420A25 /* CoreGraphics.framework in Frameworks */,
				CCAB0C5B1A905B8400420A25 /* Foundation.framework in Frameworks */,
				CCAB0C591A905B7300420A25 /* UIKit.framework in Frameworks */,
				148EAAA1729C16044F860ECC /* libPods-MLH.a in Frameworks */,
			);
			runOnlyForDeploymentPostprocessing = 0;
		};
		CCAB0BF91A90541B00420A25 /* Frameworks */ = {
			isa = PBXFrameworksBuildPhase;
			buildActionMask = 2147483647;
			files = (
			);
			runOnlyForDeploymentPostprocessing = 0;
		};
/* End PBXFrameworksBuildPhase section */

/* Begin PBXGroup section */
		2370D64B355D97A0D5F26724 /* Pods */ = {
			isa = PBXGroup;
			children = (
				4F3B7EE10796E670A18901A6 /* Pods-MLH.debug.xcconfig */,
				80DA33F5ED515116996DCB63 /* Pods-MLH.release.xcconfig */,
			);
			name = Pods;
			sourceTree = "<group>";
		};
		8056B39EAEE488EF239628BC /* Frameworks */ = {
			isa = PBXGroup;
			children = (
				CCAB0C5A1A905B8400420A25 /* Foundation.framework */,
				CCAB0C5C1A905BF400420A25 /* CoreGraphics.framework */,
				CCAB0C581A905B7300420A25 /* UIKit.framework */,
				F345C90D76721B8546F45742 /* libPods-MLH.a */,
			);
			name = Frameworks;
			sourceTree = "<group>";
		};
		CCAB0BDA1A90541B00420A25 = {
			isa = PBXGroup;
			children = (
				CCB4337D1A90651B00621447 /* STTwitter */,
				CCAB0BE51A90541B00420A25 /* MLH */,
				CCAB0BFF1A90541B00420A25 /* MLHTests */,
				CCAB0BE41A90541B00420A25 /* Products */,
				2370D64B355D97A0D5F26724 /* Pods */,
				8056B39EAEE488EF239628BC /* Frameworks */,
			);
			sourceTree = "<group>";
		};
		CCAB0BE41A90541B00420A25 /* Products */ = {
			isa = PBXGroup;
			children = (
				CCAB0BE31A90541B00420A25 /* MLH.app */,
				CCAB0BFC1A90541B00420A25 /* MLHTests.xctest */,
			);
			name = Products;
			sourceTree = "<group>";
		};
		CCAB0BE51A90541B00420A25 /* MLH */ = {
			isa = PBXGroup;
			children = (
				CCB433BA1A9079F300621447 /* ViewController.h */,
				CCB433BB1A9079F300621447 /* ViewController.m */,
				CCB433BC1A9079F300621447 /* DEMORootViewController.h */,
				CCB433BD1A9079F300621447 /* DEMORootViewController.m */,
				CCB433BE1A9079F300621447 /* DEMOFirstViewController.h */,
				CCB433BF1A9079F300621447 /* DEMOFirstViewController.m */,
				CCB433C01A9079F300621447 /* DEMOSecondViewController.h */,
				CCB433C11A9079F300621447 /* DEMOSecondViewController.m */,
				CCB433C21A9079F300621447 /* DEMOThirdViewController.h */,
				CCB433C31A9079F300621447 /* DEMOThirdViewController.m */,
				CCB433C61A9079F300621447 /* DEMOLeftMenuViewController.h */,
				CCB433C71A9079F300621447 /* DEMOLeftMenuViewController.m */,
				CCB433C81A9079F300621447 /* DEMOFourthViewController.h */,
				CCB433C91A9079F300621447 /* DEMOFourthViewController.m */,
				CCB433CA1A9079F300621447 /* DEMORightMenuViewController.h */,
				CCB433CB1A9079F300621447 /* DEMORightMenuViewController.m */,
				CCB433CC1A9079F300621447 /* AppDelegate.h */,
				CCB433CD1A9079F300621447 /* MVSelectorScrollView-Prefix.pch */,
				CCB433CE1A9079F300621447 /* AppDelegate.m */,
				CCAB0BF01A90541B00420A25 /* Main.storyboard */,
				CCAB0BF31A90541B00420A25 /* Images.xcassets */,
				CCAB0BF51A90541B00420A25 /* LaunchScreen.xib */,
				CCAB0BE61A90541B00420A25 /* Supporting Files */,
			);
			path = MLH;
			sourceTree = "<group>";
		};
		CCAB0BE61A90541B00420A25 /* Supporting Files */ = {
			isa = PBXGroup;
			children = (
				CCAB0BE71A90541B00420A25 /* Info.plist */,
				CCAB0BE81A90541B00420A25 /* main.m */,
			);
			name = "Supporting Files";
			sourceTree = "<group>";
		};
		CCAB0BFF1A90541B00420A25 /* MLHTests */ = {
			isa = PBXGroup;
			children = (
				CCAB0C021A90541B00420A25 /* MLHTests.m */,
				CCAB0C001A90541B00420A25 /* Supporting Files */,
			);
			path = MLHTests;
			sourceTree = "<group>";
		};
		CCAB0C001A90541B00420A25 /* Supporting Files */ = {
			isa = PBXGroup;
			children = (
				CCAB0C011A90541B00420A25 /* Info.plist */,
			);
			name = "Supporting Files";
			sourceTree = "<group>";
		};
		CCB4337D1A90651B00621447 /* STTwitter */ = {
			isa = PBXGroup;
			children = (
				CCB4337E1A90651B00621447 /* NSDateFormatter+STTwitter.h */,
				CCB4337F1A90651B00621447 /* NSDateFormatter+STTwitter.m */,
				CCB433801A90651B00621447 /* NSError+STTwitter.h */,
				CCB433811A90651B00621447 /* NSError+STTwitter.m */,
				CCB433821A90651B00621447 /* NSString+STTwitter.h */,
				CCB433831A90651B00621447 /* NSString+STTwitter.m */,
				CCB433841A90651B00621447 /* STHTTPRequest+STTwitter.h */,
				CCB433851A90651B00621447 /* STHTTPRequest+STTwitter.m */,
				CCB433861A90651B00621447 /* STTwitter.h */,
				CCB433871A90651B00621447 /* STTwitterAPI.h */,
				CCB433881A90651B00621447 /* STTwitterAPI.m */,
				CCB433891A90651B00621447 /* STTwitterAppOnly.h */,
				CCB4338A1A90651B00621447 /* STTwitterAppOnly.m */,
				CCB4338B1A90651B00621447 /* STTwitterHTML.h */,
				CCB4338C1A90651B00621447 /* STTwitterHTML.m */,
				CCB4338D1A90651B00621447 /* STTwitterOAuth.h */,
				CCB4338E1A90651B00621447 /* STTwitterOAuth.m */,
				CCB4338F1A90651B00621447 /* STTwitterOS.h */,
				CCB433901A90651B00621447 /* STTwitterOS.m */,
				CCB433911A90651B00621447 /* STTwitterOSRequest.h */,
				CCB433921A90651B00621447 /* STTwitterOSRequest.m */,
				CCB433931A90651B00621447 /* STTwitterProtocol.h */,
				CCB433941A90651B00621447 /* Vendor */,
			);
			name = STTwitter;
			path = "../../Downloads/STTwitter-master/STTwitter";
			sourceTree = "<group>";
		};
		CCB433941A90651B00621447 /* Vendor */ = {
			isa = PBXGroup;
			children = (
				CCB433951A90651B00621447 /* BAVPlistNode.h */,
				CCB433961A90651B00621447 /* BAVPlistNode.m */,
				CCB433971A90651B00621447 /* JSONSyntaxHighlight.h */,
				CCB433981A90651B00621447 /* JSONSyntaxHighlight.m */,
				CCB433991A90651B00621447 /* STHTTPRequest.h */,
				CCB4339A1A90651B00621447 /* STHTTPRequest.m */,
			);
			path = Vendor;
			sourceTree = "<group>";
		};
/* End PBXGroup section */

/* Begin PBXNativeTarget section */
		CCAB0BE21A90541B00420A25 /* MLH */ = {
			isa = PBXNativeTarget;
			buildConfigurationList = CCAB0C061A90541B00420A25 /* Build configuration list for PBXNativeTarget "MLH" */;
			buildPhases = (
				B6D677EBEF90A9ABF9D0819D /* Check Pods Manifest.lock */,
				CCAB0BDF1A90541B00420A25 /* Sources */,
				CCAB0BE01A90541B00420A25 /* Frameworks */,
				CCAB0BE11A90541B00420A25 /* Resources */,
				63D943E930FA8B73741A7E27 /* Copy Pods Resources */,
			);
			buildRules = (
			);
			dependencies = (
			);
			name = MLH;
			productName = MLH;
			productReference = CCAB0BE31A90541B00420A25 /* MLH.app */;
			productType = "com.apple.product-type.application";
		};
		CCAB0BFB1A90541B00420A25 /* MLHTests */ = {
			isa = PBXNativeTarget;
			buildConfigurationList = CCAB0C091A90541B00420A25 /* Build configuration list for PBXNativeTarget "MLHTests" */;
			buildPhases = (
				CCAB0BF81A90541B00420A25 /* Sources */,
				CCAB0BF91A90541B00420A25 /* Frameworks */,
				CCAB0BFA1A90541B00420A25 /* Resources */,
			);
			buildRules = (
			);
			dependencies = (
				CCAB0BFE1A90541B00420A25 /* PBXTargetDependency */,
			);
			name = MLHTests;
			productName = MLHTests;
			productReference = CCAB0BFC1A90541B00420A25 /* MLHTests.xctest */;
			productType = "com.apple.product-type.bundle.unit-test";
		};
/* End PBXNativeTarget section */

/* Begin PBXProject section */
		CCAB0BDB1A90541B00420A25 /* Project object */ = {
			isa = PBXProject;
			attributes = {
				LastUpgradeCheck = 0610;
				ORGANIZATIONNAME = "Adil  Virani";
				TargetAttributes = {
					CCAB0BE21A90541B00420A25 = {
						CreatedOnToolsVersion = 6.1.1;
					};
					CCAB0BFB1A90541B00420A25 = {
						CreatedOnToolsVersion = 6.1.1;
						TestTargetID = CCAB0BE21A90541B00420A25;
					};
				};
			};
			buildConfigurationList = CCAB0BDE1A90541B00420A25 /* Build configuration list for PBXProject "MLH" */;
			compatibilityVersion = "Xcode 3.2";
			developmentRegion = English;
			hasScannedForEncodings = 0;
			knownRegions = (
				en,
				Base,
			);
			mainGroup = CCAB0BDA1A90541B00420A25;
			productRefGroup = CCAB0BE41A90541B00420A25 /* Products */;
			projectDirPath = "";
			projectRoot = "";
			targets = (
				CCAB0BE21A90541B00420A25 /* MLH */,
				CCAB0BFB1A90541B00420A25 /* MLHTests */,
			);
		};
/* End PBXProject section */

/* Begin PBXResourcesBuildPhase section */
		CCAB0BE11A90541B00420A25 /* Resources */ = {
			isa = PBXResourcesBuildPhase;
			buildActionMask = 2147483647;
			files = (
				CCAB0BF21A90541B00420A25 /* Main.storyboard in Resources */,
				CCAB0BF71A90541B00420A25 /* LaunchScreen.xib in Resources */,
				CCAB0BF41A90541B00420A25 /* Images.xcassets in Resources */,
			);
			runOnlyForDeploymentPostprocessing = 0;
		};
		CCAB0BFA1A90541B00420A25 /* Resources */ = {
			isa = PBXResourcesBuildPhase;
			buildActionMask = 2147483647;
			files = (
			);
			runOnlyForDeploymentPostprocessing = 0;
		};
/* End PBXResourcesBuildPhase section */

/* Begin PBXShellScriptBuildPhase section */
		63D943E930FA8B73741A7E27 /* Copy Pods Resources */ = {
			isa = PBXShellScriptBuildPhase;
			buildActionMask = 2147483647;
			files = (
			);
			inputPaths = (
			);
			name = "Copy Pods Resources";
			outputPaths = (
			);
			runOnlyForDeploymentPostprocessing = 0;
			shellPath = /bin/sh;
			shellScript = "\"${SRCROOT}/Pods/Target Support Files/Pods-MLH/Pods-MLH-resources.sh\"\n";
			showEnvVarsInLog = 0;
		};
		B6D677EBEF90A9ABF9D0819D /* Check Pods Manifest.lock */ = {
			isa = PBXShellScriptBuildPhase;
			buildActionMask = 2147483647;
			files = (
			);
			inputPaths = (
			);
			name = "Check Pods Manifest.lock";
			outputPaths = (
			);
			runOnlyForDeploymentPostprocessing = 0;
			shellPath = /bin/sh;
			shellScript = "diff \"${PODS_ROOT}/../Podfile.lock\" \"${PODS_ROOT}/Manifest.lock\" > /dev/null\nif [[ $? != 0 ]] ; then\n    cat << EOM\nerror: The sandbox is not in sync with the Podfile.lock. Run 'pod install' or update your CocoaPods installation.\nEOM\n    exit 1\nfi\n";
			showEnvVarsInLog = 0;
		};
/* End PBXShellScriptBuildPhase section */

/* Begin PBXSourcesBuildPhase section */
		CCAB0BDF1A90541B00420A25 /* Sources */ = {
			isa = PBXSourcesBuildPhase;
			buildActionMask = 2147483647;
			files = (
				CCB433D11A9079F300621447 /* DEMOFirstViewController.m in Sources */,
				CCB433A31A90651B00621447 /* STTwitterOS.m in Sources */,
				CCB4339D1A90651B00621447 /* NSString+STTwitter.m in Sources */,
				CCB4339F1A90651B00621447 /* STTwitterAPI.m in Sources */,
				CCB433D71A9079F300621447 /* DEMORightMenuViewController.m in Sources */,
				CCB4339E1A90651B00621447 /* STHTTPRequest+STTwitter.m in Sources */,
				CCB4339C1A90651B00621447 /* NSError+STTwitter.m in Sources */,
				CCB433A71A90651B00621447 /* STHTTPRequest.m in Sources */,
				CCB433D21A9079F300621447 /* DEMOSecondViewController.m in Sources */,
				CCB433D01A9079F300621447 /* DEMORootViewController.m in Sources */,
				CCB433A01A90651B00621447 /* STTwitterAppOnly.m in Sources */,
				CCB433A51A90651B00621447 /* BAVPlistNode.m in Sources */,
				CCB433A41A90651B00621447 /* STTwitterOSRequest.m in Sources */,
				CCB433A61A90651B00621447 /* JSONSyntaxHighlight.m in Sources */,
				CCB433A21A90651B00621447 /* STTwitterOAuth.m in Sources */,
				CCB433A11A90651B00621447 /* STTwitterHTML.m in Sources */,
				CCB433D31A9079F300621447 /* DEMOThirdViewController.m in Sources */,
				CCB433D61A9079F300621447 /* DEMOFourthViewController.m in Sources */,
				CCB433D81A9079F300621447 /* AppDelegate.m in Sources */,
				CCB433CF1A9079F300621447 /* ViewController.m in Sources */,
				CCB4339B1A90651B00621447 /* NSDateFormatter+STTwitter.m in Sources */,
				CCAB0BE91A90541B00420A25 /* main.m in Sources */,
				CCB433D51A9079F300621447 /* DEMOLeftMenuViewController.m in Sources */,
			);
			runOnlyForDeploymentPostprocessing = 0;
		};
		CCAB0BF81A90541B00420A25 /* Sources */ = {
			isa = PBXSourcesBuildPhase;
			buildActionMask = 2147483647;
			files = (
				CCAB0C031A90541B00420A25 /* MLHTests.m in Sources */,
			);
			runOnlyForDeploymentPostprocessing = 0;
		};
/* End PBXSourcesBuildPhase section */

/* Begin PBXTargetDependency section */
		CCAB0BFE1A90541B00420A25 /* PBXTargetDependency */ = {
			isa = PBXTargetDependency;
			target = CCAB0BE21A90541B00420A25 /* MLH */;
			targetProxy = CCAB0BFD1A90541B00420A25 /* PBXContainerItemProxy */;
		};
/* End PBXTargetDependency section */

/* Begin PBXVariantGroup section */
		CCAB0BF01A90541B00420A25 /* Main.storyboard */ = {
			isa = PBXVariantGroup;
			children = (
				CCAB0BF11A90541B00420A25 /* Base */,
			);
			name = Main.storyboard;
			sourceTree = "<group>";
		};
		CCAB0BF51A90541B00420A25 /* LaunchScreen.xib */ = {
			isa = PBXVariantGroup;
			children = (
				CCAB0BF61A90541B00420A25 /* Base */,
			);
			name = LaunchScreen.xib;
			sourceTree = "<group>";
		};
/* End PBXVariantGroup section */

/* Begin XCBuildConfiguration section */
		CCAB0C041A90541B00420A25 /* Debug */ = {
			isa = XCBuildConfiguration;
			buildSettings = {
				ALWAYS_SEARCH_USER_PATHS = NO;
				CLANG_CXX_LANGUAGE_STANDARD = "gnu++0x";
				CLANG_CXX_LIBRARY = "libc++";
				CLANG_ENABLE_MODULES = YES;
				CLANG_ENABLE_OBJC_ARC = YES;
				CLANG_WARN_BOOL_CONVERSION = YES;
				CLANG_WARN_CONSTANT_CONVERSION = YES;
				CLANG_WARN_DIRECT_OBJC_ISA_USAGE = YES_ERROR;
				CLANG_WARN_EMPTY_BODY = YES;
				CLANG_WARN_ENUM_CONVERSION = YES;
				CLANG_WARN_INT_CONVERSION = YES;
				CLANG_WARN_OBJC_ROOT_CLASS = YES_ERROR;
				CLANG_WARN_UNREACHABLE_CODE = YES;
				CLANG_WARN__DUPLICATE_METHOD_MATCH = YES;
				"CODE_SIGN_IDENTITY[sdk=iphoneos*]" = "iPhone Developer";
				COPY_PHASE_STRIP = NO;
				ENABLE_STRICT_OBJC_MSGSEND = YES;
				GCC_C_LANGUAGE_STANDARD = gnu99;
				GCC_DYNAMIC_NO_PIC = NO;
				GCC_OPTIMIZATION_LEVEL = 0;
				GCC_PREPROCESSOR_DEFINITIONS = (
					"DEBUG=1",
					"$(inherited)",
				);
				GCC_SYMBOLS_PRIVATE_EXTERN = NO;
				GCC_WARN_64_TO_32_BIT_CONVERSION = YES;
				GCC_WARN_ABOUT_RETURN_TYPE = YES_ERROR;
				GCC_WARN_UNDECLARED_SELECTOR = YES;
				GCC_WARN_UNINITIALIZED_AUTOS = YES_AGGRESSIVE;
				GCC_WARN_UNUSED_FUNCTION = YES;
				GCC_WARN_UNUSED_VARIABLE = YES;
				HEADER_SEARCH_PATHS = "$(SDKROOT)/usr/include/libxml2/**";
				IPHONEOS_DEPLOYMENT_TARGET = 8.1;
				MTL_ENABLE_DEBUG_INFO = YES;
				ONLY_ACTIVE_ARCH = YES;
				SDKROOT = iphoneos;
			};
			name = Debug;
		};
		CCAB0C051A90541B00420A25 /* Release */ = {
			isa = XCBuildConfiguration;
			buildSettings = {
				ALWAYS_SEARCH_USER_PATHS = NO;
				CLANG_CXX_LANGUAGE_STANDARD = "gnu++0x";
				CLANG_CXX_LIBRARY = "libc++";
				CLANG_ENABLE_MODULES = YES;
				CLANG_ENABLE_OBJC_ARC = YES;
				CLANG_WARN_BOOL_CONVERSION = YES;
				CLANG_WARN_CONSTANT_CONVERSION = YES;
				CLANG_WARN_DIRECT_OBJC_ISA_USAGE = YES_ERROR;
				CLANG_WARN_EMPTY_BODY = YES;
				CLANG_WARN_ENUM_CONVERSION = YES;
				CLANG_WARN_INT_CONVERSION = YES;
				CLANG_WARN_OBJC_ROOT_CLASS = YES_ERROR;
				CLANG_WARN_UNREACHABLE_CODE = YES;
				CLANG_WARN__DUPLICATE_METHOD_MATCH = YES;
				"CODE_SIGN_IDENTITY[sdk=iphoneos*]" = "iPhone Developer";
				COPY_PHASE_STRIP = YES;
				ENABLE_NS_ASSERTIONS = NO;
				ENABLE_STRICT_OBJC_MSGSEND = YES;
				GCC_C_LANGUAGE_STANDARD = gnu99;
				GCC_WARN_64_TO_32_BIT_CONVERSION = YES;
				GCC_WARN_ABOUT_RETURN_TYPE = YES_ERROR;
				GCC_WARN_UNDECLARED_SELECTOR = YES;
				GCC_WARN_UNINITIALIZED_AUTOS = YES_AGGRESSIVE;
				GCC_WARN_UNUSED_FUNCTION = YES;
				GCC_WARN_UNUSED_VARIABLE = YES;
				HEADER_SEARCH_PATHS = "$(SDKROOT)/usr/include/libxml2/**";
				IPHONEOS_DEPLOYMENT_TARGET = 8.1;
				MTL_ENABLE_DEBUG_INFO = NO;
				SDKROOT = iphoneos;
				VALIDATE_PRODUCT = YES;
			};
			name = Release;
		};
		CCAB0C071A90541B00420A25 /* Debug */ = {
			isa = XCBuildConfiguration;
			baseConfigurationReference = 4F3B7EE10796E670A18901A6 /* Pods-MLH.debug.xcconfig */;
			buildSettings = {
				ASSETCATALOG_COMPILER_APPICON_NAME = AppIcon;
				FRAMEWORK_SEARCH_PATHS = "$(SDKROOT)/usr/include/libxml2/**";
				INFOPLIST_FILE = MLH/Info.plist;
				LD_RUNPATH_SEARCH_PATHS = "$(inherited) @executable_path/Frameworks";
				LIBRARY_SEARCH_PATHS = (
					"$(inherited)",
					"$(PROJECT_DIR)/MLH/Twitter+OAuth/SAOAuthTwitterEngine",
					"/Users/AdilVirani/Downloads/Twitter-OAuth-iPhone-master/Twitter+OAuth/Libraries",
					"&",
					Headers,
				);
				PRODUCT_NAME = "$(TARGET_NAME)";
			};
			name = Debug;
		};
		CCAB0C081A90541B00420A25 /* Release */ = {
			isa = XCBuildConfiguration;
			baseConfigurationReference = 80DA33F5ED515116996DCB63 /* Pods-MLH.release.xcconfig */;
			buildSettings = {
				ASSETCATALOG_COMPILER_APPICON_NAME = AppIcon;
				FRAMEWORK_SEARCH_PATHS = "$(SDKROOT)/usr/include/libxml2/**";
				INFOPLIST_FILE = MLH/Info.plist;
				LD_RUNPATH_SEARCH_PATHS = "$(inherited) @executable_path/Frameworks";
				LIBRARY_SEARCH_PATHS = (
					"$(inherited)",
					"$(PROJECT_DIR)/MLH/Twitter+OAuth/SAOAuthTwitterEngine",
					"/Users/AdilVirani/Downloads/Twitter-OAuth-iPhone-master/Twitter+OAuth/Libraries",
					"&",
					Headers,
				);
				PRODUCT_NAME = "$(TARGET_NAME)";
			};
			name = Release;
		};
		CCAB0C0A1A90541B00420A25 /* Debug */ = {
			isa = XCBuildConfiguration;
			buildSettings = {
				BUNDLE_LOADER = "$(TEST_HOST)";
				FRAMEWORK_SEARCH_PATHS = (
					"$(SDKROOT)/Developer/Library/Frameworks",
					"$(inherited)",
				);
				GCC_PREPROCESSOR_DEFINITIONS = (
					"DEBUG=1",
					"$(inherited)",
				);
				INFOPLIST_FILE = MLHTests/Info.plist;
				LD_RUNPATH_SEARCH_PATHS = "$(inherited) @executable_path/Frameworks @loader_path/Frameworks";
				PRODUCT_NAME = "$(TARGET_NAME)";
				TEST_HOST = "$(BUILT_PRODUCTS_DIR)/MLH.app/MLH";
			};
			name = Debug;
		};
		CCAB0C0B1A90541B00420A25 /* Release */ = {
			isa = XCBuildConfiguration;
			buildSettings = {
				BUNDLE_LOADER = "$(TEST_HOST)";
				FRAMEWORK_SEARCH_PATHS = (
					"$(SDKROOT)/Developer/Library/Frameworks",
					"$(inherited)",
				);
				INFOPLIST_FILE = MLHTests/Info.plist;
				LD_RUNPATH_SEARCH_PATHS = "$(inherited) @executable_path/Frameworks @loader_path/Frameworks";
				PRODUCT_NAME = "$(TARGET_NAME)";
				TEST_HOST = "$(BUILT_PRODUCTS_DIR)/MLH.app/MLH";
			};
			name = Release;
		};
/* End XCBuildConfiguration section */

/* Begin XCConfigurationList section */
		CCAB0BDE1A90541B00420A25 /* Build configuration list for PBXProject "MLH" */ = {
			isa = XCConfigurationList;
			buildConfigurations = (
				CCAB0C041A90541B00420A25 /* Debug */,
				CCAB0C051A90541B00420A25 /* Release */,
			);
			defaultConfigurationIsVisible = 0;
			defaultConfigurationName = Release;
		};
		CCAB0C061A90541B00420A25 /* Build configuration list for PBXNativeTarget "MLH" */ = {
			isa = XCConfigurationList;
			buildConfigurations = (
				CCAB0C071A90541B00420A25 /* Debug */,
				CCAB0C081A90541B00420A25 /* Release */,
			);
			defaultConfigurationIsVisible = 0;
			defaultConfigurationName = Release;
		};
		CCAB0C091A90541B00420A25 /* Build configuration list for PBXNativeTarget "MLHTests" */ = {
			isa = XCConfigurationList;
			buildConfigurations = (
				CCAB0C0A1A90541B00420A25 /* Debug */,
				CCAB0C0B1A90541B00420A25 /* Release */,
			);
			defaultConfigurationIsVisible = 0;
			defaultConfigurationName = Release;
		};
/* End XCConfigurationList section */
	};
	rootObject = CCAB0BDB1A90541B00420A25 /* Project object */;
}
